
Microsoft Visual Studio Solution File, Format Version 12.00
# Visual Studio 2013
VisualStudioVersion = 12.0.31101.0
MinimumVisualStudioVersion = 10.0.40219.1
Project("{FAE04EC0-301F-11D3-BF4B-00C04F79EFBC}") = "Betting.Web", "Betting.Web\Betting.Web.csproj", "{5A427B76-82B7-4753-9025-3F00CD180104}"
EndProject
Project("{2150E333-8FDC-42A3-9474-1A3956D46DE8}") = ".nuget", ".nuget", "{C32E859C-9E81-4AB4-95BC-01DCA6A6F450}"
	ProjectSection(SolutionItems) = preProject
		.nuget\NuGet.Config = .nuget\NuGet.Config
		.nuget\NuGet.exe = .nuget\NuGet.exe
		.nuget\NuGet.targets = .nuget\NuGet.targets
	EndProjectSection
EndProject
Project("{FAE04EC0-301F-11D3-BF4B-00C04F79EFBC}") = "Betting.Web.Tests", "Betting.Web.Tests\Betting.Web.Tests.csproj", "{A4D40A99-9F7F-46B7-B009-BB6078426E96}"
EndProject
Global
	GlobalSection(SolutionConfigurationPlatforms) = preSolution
		Debug|Any CPU = Debug|Any CPU
		Release|Any CPU = Release|Any CPU
	EndGlobalSection
	GlobalSection(ProjectConfigurationPlatforms) = postSolution
		{5A427B76-82B7-4753-9025-3F00CD180104}.Debug|Any CPU.ActiveCfg = Debug|Any CPU
		{5A427B76-82B7-4753-9025-3F00CD180104}.Debug|Any CPU.Build.0 = Debug|Any CPU
		{5A427B76-82B7-4753-9025-3F00CD180104}.Release|Any CPU.ActiveCfg = Release|Any CPU
		{5A427B76-82B7-4753-9025-3F00CD180104}.Release|Any CPU.Build.0 = Release|Any CPU
		{A4D40A99-9F7F-46B7-B009-BB6078426E96}.Debug|Any CPU.ActiveCfg = Debug|Any CPU
		{A4D40A99-9F7F-46B7-B009-BB6078426E96}.Debug|Any CPU.Build.0 = Debug|Any CPU
		{A4D40A99-9F7F-46B7-B009-BB6078426E96}.Release|Any CPU.ActiveCfg = Release|Any CPU
		{A4D40A99-9F7F-46B7-B009-BB6078426E96}.Release|Any CPU.Build.0 = Release|Any CPU
	EndGlobalSection
	GlobalSection(SolutionProperties) = preSolution
		HideSolutionNode = FALSE
	EndGlobalSection
EndGlobal
